
Microsoft Visual Studio Solution File, Format Version 12.00
# Visual Studio Version 16
VisualStudioVersion = 16.0.30907.101
MinimumVisualStudioVersion = 10.0.40219.1
Project("{F2A71F9B-5D33-465A-A702-920D77279786}") = "Envision", "Envision\Envision.fsproj", "{3BA9C9C9-1867-4B5E-A1CC-6E764059A3C3}"
EndProject
Global
	GlobalSection(SolutionConfigurationPlatforms) = preSolution
		Debug|Any CPU = Debug|Any CPU
		Release|Any CPU = Release|Any CPU
	EndGlobalSection
	GlobalSection(ProjectConfigurationPlatforms) = postSolution
		{3BA9C9C9-1867-4B5E-A1CC-6E764059A3C3}.Debug|Any CPU.ActiveCfg = Debug|Any CPU
		{3BA9C9C9-1867-4B5E-A1CC-6E764059A3C3}.Debug|Any CPU.Build.0 = Debug|Any CPU
		{3BA9C9C9-1867-4B5E-A1CC-6E764059A3C3}.Release|Any CPU.ActiveCfg = Release|Any CPU
		{3BA9C9C9-1867-4B5E-A1CC-6E764059A3C3}.Release|Any CPU.Build.0 = Release|Any CPU
	EndGlobalSection
	GlobalSection(SolutionProperties) = preSolution
		HideSolutionNode = FALSE
	EndGlobalSection
	GlobalSection(ExtensibilityGlobals) = postSolution
		SolutionGuid = {93F4015F-28E9-46AE-B48C-6DAC5FF7D21C}
	EndGlobalSection
EndGlobal
